PODS:
  - Applozic (7.11.0):
    - SDWebImage (~> 5.7.2)
  - InputBarAccessoryView (5.2.1):
    - InputBarAccessoryView/Core (= 5.2.1)
  - InputBarAccessoryView/Core (5.2.1)
  - Kingfisher (5.15.3):
    - Kingfisher/Core (= 5.15.3)
  - Kingfisher/Core (5.15.3)
  - MessageKit (3.4.2):
    - InputBarAccessoryView (~> 5.2.1)
  - SDWebImage (5.7.4):
    - SDWebImage/Core (= 5.7.4)
  - SDWebImage/Core (5.7.4)
  - SwiftFormat/CLI (0.46.3)
  - SwiftLint (0.40.3)

DEPENDENCIES:
  - Applozic
  - Kingfisher
  - MessageKit
  - SwiftFormat/CLI
  - SwiftLint

SPEC REPOS:
  trunk:
    - Applozic
    - InputBarAccessoryView
    - Kingfisher
    - MessageKit
    - SDWebImage
    - SwiftFormat
    - SwiftLint

SPEC CHECKSUMS:
  Applozic: e4c3d4a50d9feaa105608d9d8219686b6639b55b
  InputBarAccessoryView: 39a7ed22727baf3b8550ecdf6c8a4d28b2c6aa91
  Kingfisher: 2fef2f4d9e809285aff7f6195b5290520904f3fa
  MessageKit: 5ff0908bce5a7b6e11bd0b60e13a33e03697d161
  SDWebImage: 48b88379b798fd1e4298f95bb25d2cdabbf4deb3
  SwiftFormat: b639417da9e024b9e782f917bc9a080cf75bcb37
  SwiftLint: dfd554ff0dff17288ee574814ccdd5cea85d76f7

PODFILE CHECKSUM: 2d834887184f83a2839dd70691bab8c1b356ce3e

COCOAPODS: 1.9.3
